
Microsoft Visual Studio Solution File, Format Version 12.00
# Visual Studio Version 17
VisualStudioVersion = 17.1.32407.343
MinimumVisualStudioVersion = 10.0.40219.1
Project("{FAE04EC0-301F-11D3-BF4B-00C04F79EFBC}") = "BiliBiliVideoDownloader", "BiliBiliVideoDownloader\BiliBiliVideoDownloader.csproj", "{87F82736-EEF8-4C6D-87D6-AEBF1D278CA3}"
EndProject
Project("{FAE04EC0-301F-11D3-BF4B-00C04F79EFBC}") = "DownloadTest", "DownloadTest\DownloadTest.csproj", "{D7D98451-2618-4AD5-B909-43048E0B8A56}"
EndProject
Project("{FAE04EC0-301F-11D3-BF4B-00C04F79EFBC}") = "DownloadDemo", "DownloadDemo\DownloadDemo.csproj", "{88632DDD-4264-4267-B000-140DEC9D218B}"
EndProject
Global
	GlobalSection(SolutionConfigurationPlatforms) = preSolution
		Debug|Any CPU = Debug|Any CPU
		Release|Any CPU = Release|Any CPU
	EndGlobalSection
	GlobalSection(ProjectConfigurationPlatforms) = postSolution
		{87F82736-EEF8-4C6D-87D6-AEBF1D278CA3}.Debug|Any CPU.ActiveCfg = Debug|Any CPU
		{87F82736-EEF8-4C6D-87D6-AEBF1D278CA3}.Debug|Any CPU.Build.0 = Debug|Any CPU
		{87F82736-EEF8-4C6D-87D6-AEBF1D278CA3}.Release|Any CPU.ActiveCfg = Release|Any CPU
		{87F82736-EEF8-4C6D-87D6-AEBF1D278CA3}.Release|Any CPU.Build.0 = Release|Any CPU
		{D7D98451-2618-4AD5-B909-43048E0B8A56}.Debug|Any CPU.ActiveCfg = Debug|Any CPU
		{D7D98451-2618-4AD5-B909-43048E0B8A56}.Debug|Any CPU.Build.0 = Debug|Any CPU
		{D7D98451-2618-4AD5-B909-43048E0B8A56}.Release|Any CPU.ActiveCfg = Release|Any CPU
		{D7D98451-2618-4AD5-B909-43048E0B8A56}.Release|Any CPU.Build.0 = Release|Any CPU
		{88632DDD-4264-4267-B000-140DEC9D218B}.Debug|Any CPU.ActiveCfg = Debug|Any CPU
		{88632DDD-4264-4267-B000-140DEC9D218B}.Debug|Any CPU.Build.0 = Debug|Any CPU
		{88632DDD-4264-4267-B000-140DEC9D218B}.Release|Any CPU.ActiveCfg = Release|Any CPU
		{88632DDD-4264-4267-B000-140DEC9D218B}.Release|Any CPU.Build.0 = Release|Any CPU
	EndGlobalSection
	GlobalSection(SolutionProperties) = preSolution
		HideSolutionNode = FALSE
	EndGlobalSection
	GlobalSection(ExtensibilityGlobals) = postSolution
		SolutionGuid = {5B5E529D-73B0-4365-949C-42804783473C}
	EndGlobalSection
EndGlobal
